// !$*UTF8*$!
{
	archiveVersion = 1;
	classes = {
	};
	objectVersion = 46;
	objects = {

/* Begin PBXBuildFile section */
		3D61D5761B3D618A006E4B5D /* AppDelegate.swift in Sources */ = {isa = PBXBuildFile; fileRef = 3D61D5751B3D618A006E4B5D /* AppDelegate.swift */; };
		3D61D5781B3D618A006E4B5D /* ViewController.swift in Sources */ = {isa = PBXBuildFile; fileRef = 3D61D5771B3D618A006E4B5D /* ViewController.swift */; };
		3D61D57B1B3D618A006E4B5D /* Main.storyboard in Resources */ = {isa = PBXBuildFile; fileRef = 3D61D5791B3D618A006E4B5D /* Main.storyboard */; };
		3D61D57D1B3D618A006E4B5D /* Images.xcassets in Resources */ = {isa = PBXBuildFile; fileRef = 3D61D57C1B3D618A006E4B5D /* Images.xcassets */; };
		3D61D5801B3D618A006E4B5D /* LaunchScreen.xib in Resources */ = {isa = PBXBuildFile; fileRef = 3D61D57E1B3D618A006E4B5D /* LaunchScreen.xib */; };
		3D61D58C1B3D618A006E4B5D /* testTests.swift in Sources */ = {isa = PBXBuildFile; fileRef = 3D61D58B1B3D618A006E4B5D /* testTests.swift */; };
/* End PBXBuildFile section */

/* Begin PBXContainerItemProxy section */
		3D61D5861B3D618A006E4B5D /* PBXContainerItemProxy */ = {
			isa = PBXContainerItemProxy;
			containerPortal = 3D61D5681B3D6189006E4B5D /* Project object */;
			proxyType = 1;
			remoteGlobalIDString = 3D61D56F1B3D6189006E4B5D;
			remoteInfo = test;
		};
/* End PBXContainerItemProxy section */

/* Begin PBXFileReference section */
		3D61D5701B3D618A006E4B5D /* test.app */ = {isa = PBXFileReference; explicitFileType = wrapper.application; includeInIndex = 0; path = test.app; sourceTree = BUILT_PRODUCTS_DIR; };
		3D61D5741B3D618A006E4B5D /* Info.plist */ = {isa = PBXFileReference; lastKnownFileType = text.plist.xml; path = Info.plist; sourceTree = "<group>"; };
		3D61D5751B3D618A006E4B5D /* AppDelegate.swift */ = {isa = PBXFileReference; lastKnownFileType = sourcecode.swift; path = AppDelegate.swift; sourceTree = "<group>"; };
		3D61D5771B3D618A006E4B5D /* ViewController.swift */ = {isa = PBXFileReference; lastKnownFileType = sourcecode.swift; path = ViewController.swift; sourceTree = "<group>"; };
		3D61D57A1B3D618A006E4B5D /* Base */ = {isa = PBXFileReference; lastKnownFileType = file.storyboard; name = Base; path = Base.lproj/Main.storyboard; sourceTree = "<group>"; };
		3D61D57C1B3D618A006E4B5D /* Images.xcassets */ = {isa = PBXFileReference; lastKnownFileType = folder.assetcatalog; path = Images.xcassets; sourceTree = "<group>"; };
		3D61D57F1B3D618A006E4B5D /* Base */ = {isa = PBXFileReference; lastKnownFileType = file.xib; name = Base; path = Base.lproj/LaunchScreen.xib; sourceTree = "<group>"; };
		3D61D5851B3D618A006E4B5D /* testTests.xctest */ = {isa = PBXFileReference; explicitFileType = wrapper.cfbundle; includeInIndex = 0; path = testTests.xctest; sourceTree = BUILT_PRODUCTS_DIR; };
		3D61D58A1B3D618A006E4B5D /* Info.plist */ = {isa = PBXFileReference; lastKnownFileType = text.plist.xml; path = Info.plist; sourceTree = "<group>"; };
		3D61D58B1B3D618A006E4B5D /* testTests.swift */ = {isa = PBXFileReference; lastKnownFileType = sourcecode.swift; path = testTests.swift; sourceTree = "<group>"; };
/* End PBXFileReference section */

/* Begin PBXFrameworksBuildPhase section */
		3D61D56D1B3D6189006E4B5D /* Frameworks */ = {
			isa = PBXFrameworksBuildPhase;
			buildActionMask = 2147483647;
			files = (
			);
			runOnlyForDeploymentPostprocessing = 0;
		};
		3D61D5821B3D618A006E4B5D /* Frameworks */ = {
			isa = PBXFrameworksBuildPhase;
			buildActionMask = 2147483647;
			files = (
			);
			runOnlyForDeploymentPostprocessing = 0;
		};
/* End PBXFrameworksBuildPhase section */

/* Begin PBXGroup section */
		3D61D5671B3D6189006E4B5D = {
			isa = PBXGroup;
			children = (
				3D61D5721B3D618A006E4B5D /* test */,
				3D61D5881B3D618A006E4B5D /* testTests */,
				3D61D5711B3D618A006E4B5D /* Products */,
			);
			sourceTree = "<group>";
		};
		3D61D5711B3D618A006E4B5D /* Products */ = {
			isa = PBXGroup;
			children = (
				3D61D5701B3D618A006E4B5D /* test.app */,
				3D61D5851B3D618A006E4B5D /* testTests.xctest */,
			);
			name = Products;
			sourceTree = "<group>";
		};
		3D61D5721B3D618A006E4B5D /* test */ = {
			isa = PBXGroup;
			children = (
				3D61D5751B3D618A006E4B5D /* AppDelegate.swift */,
				3D61D5771B3D618A006E4B5D /* ViewController.swift */,
				3D61D5791B3D618A006E4B5D /* Main.storyboard */,
				3D61D57C1B3D618A006E4B5D /* Images.xcassets */,
				3D61D57E1B3D618A006E4B5D /* LaunchScreen.xib */,
				3D61D5731B3D618A006E4B5D /* Supporting Files */,
			);
			path = test;
			sourceTree = "<group>";
		};
		3D61D5731B3D618A006E4B5D /* Supporting Files */ = {
			isa = PBXGroup;
			children = (
				3D61D5741B3D618A006E4B5D /* Info.plist */,
			);
			name = "Supporting Files";
			sourceTree = "<group>";
		};
		3D61D5881B3D618A006E4B5D /* testTests */ = {
			isa = PBXGroup;
			children = (
				3D61D58B1B3D618A006E4B5D /* testTests.swift */,
				3D61D5891B3D618A006E4B5D /* Supporting Files */,
			);
			path = testTests;
			sourceTree = "<group>";
		};
		3D61D5891B3D618A006E4B5D /* Supporting Files */ = {
			isa = PBXGroup;
			children = (
				3D61D58A1B3D618A006E4B5D /* Info.plist */,
			);
			name = "Supporting Files";
			sourceTree = "<group>";
		};
/* End PBXGroup section */

/* Begin PBXNativeTarget section */
		3D61D56F1B3D6189006E4B5D /* test */ = {
			isa = PBXNativeTarget;
			buildConfigurationList = 3D61D58F1B3D618A006E4B5D /* Build configuration list for PBXNativeTarget "test" */;
			buildPhases = (
				3D61D56C1B3D6189006E4B5D /* Sources */,
				3D61D56D1B3D6189006E4B5D /* Frameworks */,
				3D61D56E1B3D6189006E4B5D /* Resources */,
			);
			buildRules = (
			);
			dependencies = (
			);
			name = test;
			productName = test;
			productReference = 3D61D5701B3D618A006E4B5D /* test.app */;
			productType = "com.apple.product-type.application";
		};
		3D61D5841B3D618A006E4B5D /* testTests */ = {
			isa = PBXNativeTarget;
			buildConfigurationList = 3D61D5921B3D618A006E4B5D /* Build configuration list for PBXNativeTarget "testTests" */;
			buildPhases = (
				3D61D5811B3D618A006E4B5D /* Sources */,
				3D61D5821B3D618A006E4B5D /* Frameworks */,
				3D61D5831B3D618A006E4B5D /* Resources */,
			);
			buildRules = (
			);
			dependencies = (
				3D61D5871B3D618A006E4B5D /* PBXTargetDependency */,
			);
			name = testTests;
			productName = testTests;
			productReference = 3D61D5851B3D618A006E4B5D /* testTests.xctest */;
			productType = "com.apple.product-type.bundle.unit-test";
		};
/* End PBXNativeTarget section */

/* Begin PBXProject section */
		3D61D5681B3D6189006E4B5D /* Project object */ = {
			isa = PBXProject;
			attributes = {
				LastUpgradeCheck = 0630;
				ORGANIZATIONNAME = Progresssoftware;
				TargetAttributes = {
					3D61D56F1B3D6189006E4B5D = {
						CreatedOnToolsVersion = 6.3.1;
					};
					3D61D5841B3D618A006E4B5D = {
						CreatedOnToolsVersion = 6.3.1;
						TestTargetID = 3D61D56F1B3D6189006E4B5D;
					};
				};
			};
			buildConfigurationList = 3D61D56B1B3D6189006E4B5D /* Build configuration list for PBXProject "test" */;
			compatibilityVersion = "Xcode 3.2";
			developmentRegion = English;
			hasScannedForEncodings = 0;
			knownRegions = (
				en,
				Base,
			);
			mainGroup = 3D61D5671B3D6189006E4B5D;
			productRefGroup = 3D61D5711B3D618A006E4B5D /* Products */;
			projectDirPath = "";
			projectRoot = "";
			targets = (
				3D61D56F1B3D6189006E4B5D /* test */,
				3D61D5841B3D618A006E4B5D /* testTests */,
			);
		};
/* End PBXProject section */

/* Begin PBXResourcesBuildPhase section */
		3D61D56E1B3D6189006E4B5D /* Resources */ = {
			isa = PBXResourcesBuildPhase;
			buildActionMask = 2147483647;
			files = (
				3D61D57B1B3D618A006E4B5D /* Main.storyboard in Resources */,
				3D61D5801B3D618A006E4B5D /* LaunchScreen.xib in Resources */,
				3D61D57D1B3D618A006E4B5D /* Images.xcassets in Resources */,
			);
			runOnlyForDeploymentPostprocessing = 0;
		};
		3D61D5831B3D618A006E4B5D /* Resources */ = {
			isa = PBXResourcesBuildPhase;
			buildActionMask = 2147483647;
			files = (
			);
			runOnlyForDeploymentPostprocessing = 0;
		};
/* End PBXResourcesBuildPhase section */

/* Begin PBXSourcesBuildPhase section */
		3D61D56C1B3D6189006E4B5D /* Sources */ = {
			isa = PBXSourcesBuildPhase;
			buildActionMask = 2147483647;
			files = (
				3D61D5781B3D618A006E4B5D /* ViewController.swift in Sources */,
				3D61D5761B3D618A006E4B5D /* AppDelegate.swift in Sources */,
			);
			runOnlyForDeploymentPostprocessing = 0;
		};
		3D61D5811B3D618A006E4B5D /* Sources */ = {
			isa = PBXSourcesBuildPhase;
			buildActionMask = 2147483647;
			files = (
				3D61D58C1B3D618A006E4B5D /* testTests.swift in Sources */,
			);
			runOnlyForDeploymentPostprocessing = 0;
		};
/* End PBXSourcesBuildPhase section */

/* Begin PBXTargetDependency section */
		3D61D5871B3D618A006E4B5D /* PBXTargetDependency */ = {
			isa = PBXTargetDependency;
			target = 3D61D56F1B3D6189006E4B5D /* test */;
			targetProxy = 3D61D5861B3D618A006E4B5D /* PBXContainerItemProxy */;
		};
/* End PBXTargetDependency section */

/* Begin PBXVariantGroup section */
		3D61D5791B3D618A006E4B5D /* Main.storyboard */ = {
			isa = PBXVariantGroup;
			children = (
				3D61D57A1B3D618A006E4B5D /* Base */,
			);
			name = Main.storyboard;
			sourceTree = "<group>";
		};
		3D61D57E1B3D618A006E4B5D /* LaunchScreen.xib */ = {
			isa = PBXVariantGroup;
			children = (
				3D61D57F1B3D618A006E4B5D /* Base */,
			);
			name = LaunchScreen.xib;
			sourceTree = "<group>";
		};
/* End PBXVariantGroup section */

/* Begin XCBuildConfiguration section */
		3D61D58D1B3D618A006E4B5D /* Debug */ = {
			isa = XCBuildConfiguration;
			buildSettings = {
				ALWAYS_SEARCH_USER_PATHS = NO;
				CLANG_CXX_LANGUAGE_STANDARD = "gnu++0x";
				CLANG_CXX_LIBRARY = "libc++";
				CLANG_ENABLE_MODULES = YES;
				CLANG_ENABLE_OBJC_ARC = YES;
				CLANG_WARN_BOOL_CONVERSION = YES;
				CLANG_WARN_CONSTANT_CONVERSION = YES;
				CLANG_WARN_DIRECT_OBJC_ISA_USAGE = YES_ERROR;
				CLANG_WARN_EMPTY_BODY = YES;
				CLANG_WARN_ENUM_CONVERSION = YES;
				CLANG_WARN_INT_CONVERSION = YES;
				CLANG_WARN_OBJC_ROOT_CLASS = YES_ERROR;
				CLANG_WARN_UNREACHABLE_CODE = YES;
				CLANG_WARN__DUPLICATE_METHOD_MATCH = YES;
				"CODE_SIGN_IDENTITY[sdk=iphoneos*]" = "iPhone Developer";
				COPY_PHASE_STRIP = NO;
				DEBUG_INFORMATION_FORMAT = "dwarf-with-dsym";
				ENABLE_STRICT_OBJC_MSGSEND = YES;
				GCC_C_LANGUAGE_STANDARD = gnu99;
				GCC_DYNAMIC_NO_PIC = NO;
				GCC_NO_COMMON_BLOCKS = YES;
				GCC_OPTIMIZATION_LEVEL = 0;
				GCC_PREPROCESSOR_DEFINITIONS = (
					"DEBUG=1",
					"$(inherited)",
				);
				GCC_SYMBOLS_PRIVATE_EXTERN = NO;
				GCC_WARN_64_TO_32_BIT_CONVERSION = YES;
				GCC_WARN_ABOUT_RETURN_TYPE = YES_ERROR;
				GCC_WARN_UNDECLARED_SELECTOR = YES;
				GCC_WARN_UNINITIALIZED_AUTOS = YES_AGGRESSIVE;
				GCC_WARN_UNUSED_FUNCTION = YES;
				GCC_WARN_UNUSED_VARIABLE = YES;
				IPHONEOS_DEPLOYMENT_TARGET = 8.3;
				MTL_ENABLE_DEBUG_INFO = YES;
				ONLY_ACTIVE_ARCH = YES;
				SDKROOT = iphoneos;
				SWIFT_OPTIMIZATION_LEVEL = "-Onone";
			};
			name = Debug;
		};
		3D61D58E1B3D618A006E4B5D /* Release */ = {
			isa = XCBuildConfiguration;
			buildSettings = {
				ALWAYS_SEARCH_USER_PATHS = NO;
				CLANG_CXX_LANGUAGE_STANDARD = "gnu++0x";
				CLANG_CXX_LIBRARY = "libc++";
				CLANG_ENABLE_MODULES = YES;
				CLANG_ENABLE_OBJC_ARC = YES;
				CLANG_WARN_BOOL_CONVERSION = YES;
				CLANG_WARN_CONSTANT_CONVERSION = YES;
				CLANG_WARN_DIRECT_OBJC_ISA_USAGE = YES_ERROR;
				CLANG_WARN_EMPTY_BODY = YES;
				CLANG_WARN_ENUM_CONVERSION = YES;
				CLANG_WARN_INT_CONVERSION = YES;
				CLANG_WARN_OBJC_ROOT_CLASS = YES_ERROR;
				CLANG_WARN_UNREACHABLE_CODE = YES;
				CLANG_WARN__DUPLICATE_METHOD_MATCH = YES;
				"CODE_SIGN_IDENTITY[sdk=iphoneos*]" = "iPhone Developer";
				COPY_PHASE_STRIP = NO;
				DEBUG_INFORMATION_FORMAT = "dwarf-with-dsym";
				ENABLE_NS_ASSERTIONS = NO;
				ENABLE_STRICT_OBJC_MSGSEND = YES;
				GCC_C_LANGUAGE_STANDARD = gnu99;
				GCC_NO_COMMON_BLOCKS = YES;
				GCC_WARN_64_TO_32_BIT_CONVERSION = YES;
				GCC_WARN_ABOUT_RETURN_TYPE = YES_ERROR;
				GCC_WARN_UNDECLARED_SELECTOR = YES;
				GCC_WARN_UNINITIALIZED_AUTOS = YES_AGGRESSIVE;
				GCC_WARN_UNUSED_FUNCTION = YES;
				GCC_WARN_UNUSED_VARIABLE = YES;
				IPHONEOS_DEPLOYMENT_TARGET = 8.3;
				MTL_ENABLE_DEBUG_INFO = NO;
				SDKROOT = iphoneos;
				VALIDATE_PRODUCT = YES;
			};
			name = Release;
		};
		3D61D5901B3D618A006E4B5D /* Debug */ = {
			isa = XCBuildConfiguration;
			buildSettings = {
				ASSETCATALOG_COMPILER_APPICON_NAME = AppIcon;
				INFOPLIST_FILE = test/Info.plist;
				LD_RUNPATH_SEARCH_PATHS = "$(inherited) @executable_path/Frameworks";
				PRODUCT_NAME = "$(TARGET_NAME)";
			};
			name = Debug;
		};
		3D61D5911B3D618A006E4B5D /* Release */ = {
			isa = XCBuildConfiguration;
			buildSettings = {
				ASSETCATALOG_COMPILER_APPICON_NAME = AppIcon;
				INFOPLIST_FILE = test/Info.plist;
				LD_RUNPATH_SEARCH_PATHS = "$(inherited) @executable_path/Frameworks";
				PRODUCT_NAME = "$(TARGET_NAME)";
			};
			name = Release;
		};
		3D61D5931B3D618A006E4B5D /* Debug */ = {
			isa = XCBuildConfiguration;
			buildSettings = {
				BUNDLE_LOADER = "$(TEST_HOST)";
				FRAMEWORK_SEARCH_PATHS = (
					"$(SDKROOT)/Developer/Library/Frameworks",
					"$(inherited)",
				);
				GCC_PREPROCESSOR_DEFINITIONS = (
					"DEBUG=1",
					"$(inherited)",
				);
				INFOPLIST_FILE = testTests/Info.plist;
				LD_RUNPATH_SEARCH_PATHS = "$(inherited) @executable_path/Frameworks @loader_path/Frameworks";
				PRODUCT_NAME = "$(TARGET_NAME)";
				TEST_HOST = "$(BUILT_PRODUCTS_DIR)/test.app/test";
			};
			name = Debug;
		};
		3D61D5941B3D618A006E4B5D /* Release */ = {
			isa = XCBuildConfiguration;
			buildSettings = {
				BUNDLE_LOADER = "$(TEST_HOST)";
				FRAMEWORK_SEARCH_PATHS = (
					"$(SDKROOT)/Developer/Library/Frameworks",
					"$(inherited)",
				);
				INFOPLIST_FILE = testTests/Info.plist;
				LD_RUNPATH_SEARCH_PATHS = "$(inherited) @executable_path/Frameworks @loader_path/Frameworks";
				PRODUCT_NAME = "$(TARGET_NAME)";
				TEST_HOST = "$(BUILT_PRODUCTS_DIR)/test.app/test";
			};
			name = Release;
		};
/* End XCBuildConfiguration section */

/* Begin XCConfigurationList section */
		3D61D56B1B3D6189006E4B5D /* Build configuration list for PBXProject "test" */ = {
			isa = XCConfigurationList;
			buildConfigurations = (
				3D61D58D1B3D618A006E4B5D /* Debug */,
				3D61D58E1B3D618A006E4B5D /* Release */,
			);
			defaultConfigurationIsVisible = 0;
			defaultConfigurationName = Release;
		};
		3D61D58F1B3D618A006E4B5D /* Build configuration list for PBXNativeTarget "test" */ = {
			isa = XCConfigurationList;
			buildConfigurations = (
				3D61D5901B3D618A006E4B5D /* Debug */,
				3D61D5911B3D618A006E4B5D /* Release */,
			);
			defaultConfigurationIsVisible = 0;
		};
		3D61D5921B3D618A006E4B5D /* Build configuration list for PBXNativeTarget "testTests" */ = {
			isa = XCConfigurationList;
			buildConfigurations = (
				3D61D5931B3D618A006E4B5D /* Debug */,
				3D61D5941B3D618A006E4B5D /* Release */,
			);
			defaultConfigurationIsVisible = 0;
		};
/* End XCConfigurationList section */
	};
	rootObject = 3D61D5681B3D6189006E4B5D /* Project object */;
}
